
Microsoft Visual Studio Solution File, Format Version 12.00
# Visual Studio Version 17
VisualStudioVersion = 17.5.33627.172
MinimumVisualStudioVersion = 10.0.40219.1
Project("{9A19103F-16F7-4668-BE54-9A1E7A4F7556}") = "Bölüm 1 C#", "Bölüm 1 C#\Bölüm 1 C#.csproj", "{5D517885-E7DC-4BE2-B5A7-9626D77E38CE}"
EndProject
Project("{9A19103F-16F7-4668-BE54-9A1E7A4F7556}") = "01.HelloWorld", "01.HelloWorld\01.HelloWorld.csproj", "{9997A17E-5CA5-494B-85BB-47FE85D45FED}"
EndProject
Project("{9A19103F-16F7-4668-BE54-9A1E7A4F7556}") = "02.Variables", "02.Variables\02.Variables.csproj", "{FB5EBA0C-00B8-47C6-B07A-B81E3663A6C7}"
EndProject
Project("{9A19103F-16F7-4668-BE54-9A1E7A4F7556}") = "03.DataTypes", "03.DataTypes\03.DataTypes.csproj", "{C1BBCF21-A047-4EC0-A62A-758F06F2159F}"
EndProject
Project("{9A19103F-16F7-4668-BE54-9A1E7A4F7556}") = "04.Operators", "04.Operators\04.Operators.csproj", "{600588FF-4047-41A5-8AC1-075D574D0986}"
EndProject
Project("{9A19103F-16F7-4668-BE54-9A1E7A4F7556}") = "05.KosulYapilari", "05.KosulYapilari\05.KosulYapilari.csproj", "{FF9FDE16-2535-4FEA-8245-0AD1C61FEFE8}"
EndProject
Project("{9A19103F-16F7-4668-BE54-9A1E7A4F7556}") = "06.Donguler", "06.Donguler\06.Donguler.csproj", "{7748CB4F-3CF8-437F-8949-F69085A19047}"
EndProject
Project("{9A19103F-16F7-4668-BE54-9A1E7A4F7556}") = "07.StringsAndDateTime", "07.StringsAndDateTime\07.StringsAndDateTime.csproj", "{CAE17183-3C26-4B25-8626-A7726551BB6B}"
EndProject
Project("{FAE04EC0-301F-11D3-BF4B-00C04F79EFBC}") = "08.Arrays", "08.Arrays\08.Arrays.csproj", "{B01137CA-249C-4D2E-BD13-7663E269531F}"
EndProject
Global
	GlobalSection(SolutionConfigurationPlatforms) = preSolution
		Debug|Any CPU = Debug|Any CPU
		Release|Any CPU = Release|Any CPU
	EndGlobalSection
	GlobalSection(ProjectConfigurationPlatforms) = postSolution
		{5D517885-E7DC-4BE2-B5A7-9626D77E38CE}.Debug|Any CPU.ActiveCfg = Debug|Any CPU
		{5D517885-E7DC-4BE2-B5A7-9626D77E38CE}.Debug|Any CPU.Build.0 = Debug|Any CPU
		{5D517885-E7DC-4BE2-B5A7-9626D77E38CE}.Release|Any CPU.ActiveCfg = Release|Any CPU
		{5D517885-E7DC-4BE2-B5A7-9626D77E38CE}.Release|Any CPU.Build.0 = Release|Any CPU
		{9997A17E-5CA5-494B-85BB-47FE85D45FED}.Debug|Any CPU.ActiveCfg = Debug|Any CPU
		{9997A17E-5CA5-494B-85BB-47FE85D45FED}.Debug|Any CPU.Build.0 = Debug|Any CPU
		{9997A17E-5CA5-494B-85BB-47FE85D45FED}.Release|Any CPU.ActiveCfg = Release|Any CPU
		{9997A17E-5CA5-494B-85BB-47FE85D45FED}.Release|Any CPU.Build.0 = Release|Any CPU
		{FB5EBA0C-00B8-47C6-B07A-B81E3663A6C7}.Debug|Any CPU.ActiveCfg = Debug|Any CPU
		{FB5EBA0C-00B8-47C6-B07A-B81E3663A6C7}.Debug|Any CPU.Build.0 = Debug|Any CPU
		{FB5EBA0C-00B8-47C6-B07A-B81E3663A6C7}.Release|Any CPU.ActiveCfg = Release|Any CPU
		{FB5EBA0C-00B8-47C6-B07A-B81E3663A6C7}.Release|Any CPU.Build.0 = Release|Any CPU
		{C1BBCF21-A047-4EC0-A62A-758F06F2159F}.Debug|Any CPU.ActiveCfg = Debug|Any CPU
		{C1BBCF21-A047-4EC0-A62A-758F06F2159F}.Debug|Any CPU.Build.0 = Debug|Any CPU
		{C1BBCF21-A047-4EC0-A62A-758F06F2159F}.Release|Any CPU.ActiveCfg = Release|Any CPU
		{C1BBCF21-A047-4EC0-A62A-758F06F2159F}.Release|Any CPU.Build.0 = Release|Any CPU
		{600588FF-4047-41A5-8AC1-075D574D0986}.Debug|Any CPU.ActiveCfg = Debug|Any CPU
		{600588FF-4047-41A5-8AC1-075D574D0986}.Debug|Any CPU.Build.0 = Debug|Any CPU
		{600588FF-4047-41A5-8AC1-075D574D0986}.Release|Any CPU.ActiveCfg = Release|Any CPU
		{600588FF-4047-41A5-8AC1-075D574D0986}.Release|Any CPU.Build.0 = Release|Any CPU
		{FF9FDE16-2535-4FEA-8245-0AD1C61FEFE8}.Debug|Any CPU.ActiveCfg = Debug|Any CPU
		{FF9FDE16-2535-4FEA-8245-0AD1C61FEFE8}.Debug|Any CPU.Build.0 = Debug|Any CPU
		{FF9FDE16-2535-4FEA-8245-0AD1C61FEFE8}.Release|Any CPU.ActiveCfg = Release|Any CPU
		{FF9FDE16-2535-4FEA-8245-0AD1C61FEFE8}.Release|Any CPU.Build.0 = Release|Any CPU
		{7748CB4F-3CF8-437F-8949-F69085A19047}.Debug|Any CPU.ActiveCfg = Debug|Any CPU
		{7748CB4F-3CF8-437F-8949-F69085A19047}.Debug|Any CPU.Build.0 = Debug|Any CPU
		{7748CB4F-3CF8-437F-8949-F69085A19047}.Release|Any CPU.ActiveCfg = Release|Any CPU
		{7748CB4F-3CF8-437F-8949-F69085A19047}.Release|Any CPU.Build.0 = Release|Any CPU
		{CAE17183-3C26-4B25-8626-A7726551BB6B}.Debug|Any CPU.ActiveCfg = Debug|Any CPU
		{CAE17183-3C26-4B25-8626-A7726551BB6B}.Debug|Any CPU.Build.0 = Debug|Any CPU
		{CAE17183-3C26-4B25-8626-A7726551BB6B}.Release|Any CPU.ActiveCfg = Release|Any CPU
		{CAE17183-3C26-4B25-8626-A7726551BB6B}.Release|Any CPU.Build.0 = Release|Any CPU
		{B01137CA-249C-4D2E-BD13-7663E269531F}.Debug|Any CPU.ActiveCfg = Debug|Any CPU
		{B01137CA-249C-4D2E-BD13-7663E269531F}.Debug|Any CPU.Build.0 = Debug|Any CPU
		{B01137CA-249C-4D2E-BD13-7663E269531F}.Release|Any CPU.ActiveCfg = Release|Any CPU
		{B01137CA-249C-4D2E-BD13-7663E269531F}.Release|Any CPU.Build.0 = Release|Any CPU
	EndGlobalSection
	GlobalSection(SolutionProperties) = preSolution
		HideSolutionNode = FALSE
	EndGlobalSection
	GlobalSection(ExtensibilityGlobals) = postSolution
		SolutionGuid = {65B96CA1-4E7A-436E-A85F-54E23BA8D86C}
	EndGlobalSection
EndGlobal
